# This file is automatically @generated by Poetry 1.7.1 and should not be changed by hand.

[[package]]
name = "async-timeout"
version = "4.0.3"
description = "Timeout context manager for asyncio programs"
optional = false
python-versions = ">=3.7"
files = [
    {file = "async-timeout-4.0.3.tar.gz", hash = "sha256:4640d96be84d82d02ed59ea2b7105a0f7b33abe8703703cd0ab0bf87c427522f"},
    {file = "async_timeout-4.0.3-py3-none-any.whl", hash = "sha256:7405140ff1230c310e51dc27b3145b9092d659ce68ff733fb0cefe3ee42be028"},
]

[[package]]
name = "faker"
version = "29.0.0"
description = "Faker is a Python package that generates fake data for you."
optional = false
python-versions = ">=3.8"
files = [
    {file = "Faker-29.0.0-py3-none-any.whl", hash = "sha256:32d0ee7d42925ff06e4a7d906ee7efbf34f5052a41a2a1eb8bb174a422a5498f"},
    {file = "faker-29.0.0.tar.gz", hash = "sha256:34e89aec594cad9773431ca479ee95c7ce03dd9f22fda2524e2373b880a2fa77"},
]

[package.dependencies]
python-dateutil = ">=2.4"

[[package]]
name = "python-dateutil"
version = "2.9.0.post0"
description = "Extensions to the standard Python datetime module"
optional = false
python-versions = "!=3.0.*,!=3.1.*,!=3.2.*,>=2.7"
files = [
    {file = "python-dateutil-2.9.0.post0.tar.gz", hash = "sha256:37dd54208da7e1cd875388217d5e00ebd4179249f90fb72437e91a35459a0ad3"},
    {file = "python_dateutil-2.9.0.post0-py2.py3-none-any.whl", hash = "sha256:a8b2bc7bffae282281c8140a97d3aa9c14da0b136dfe83f850eea9a5f7470427"},
]

[package.dependencies]
six = ">=1.5"

[[package]]
name = "redis"
version = "5.1.1"
description = "Python client for Redis database and key-value store"
optional = false
python-versions = ">=3.8"
files = [
    {file = "redis-5.1.1-py3-none-any.whl", hash = "sha256:f8ea06b7482a668c6475ae202ed8d9bcaa409f6e87fb77ed1043d912afd62e24"},
    {file = "redis-5.1.1.tar.gz", hash = "sha256:f6c997521fedbae53387307c5d0bf784d9acc28d9f1d058abeac566ec4dbed72"},
]

[package.dependencies]
async-timeout = {version = ">=4.0.3", markers = "python_full_version < \"3.11.3\""}

[package.extras]
hiredis = ["hiredis (>=3.0.0)"]
ocsp = ["cryptography (>=36.0.1)", "pyopenssl (==23.2.1)", "requests (>=2.31.0)"]

[[package]]
name = "six"
version = "1.16.0"
description = "Python 2 and 3 compatibility utilities"
optional = false
python-versions = ">=2.7, !=3.0.*, !=3.1.*, !=3.2.*"
files = [
    {file = "six-1.16.0-py2.py3-none-any.whl", hash = "sha256:8abb2f1d86890a2dfb989f9a77cfcfd3e47c2a354b01111771326f8aa26e0254"},
    {file = "six-1.16.0.tar.gz", hash = "sha256:1e61c37477a1626458e36f7b1d82aa5c9b094fa4802892072e49de9c60c4c926"},
]

[metadata]
lock-version = "2.0"
python-versions = "^3.11"
content-hash = "6ca4bcfd0940a85182e73779fe3c891be91d11017433fde6a02b60ad70290310"
